Microsoft Visual Studio Solution File, Format Version 12.00
# Visual Studio Version 17
VisualStudioVersion = 17.5.2.0
MinimumVisualStudioVersion = 10.0.40219.1
Project("{FAE04EC0-301F-11D3-BF4B-00C04F79EFBC}") = "Collection", "Collection.csproj", "{AD62027C-CD0E-10CB-E36B-F8FF6908B31A}"
EndProject
Global
	GlobalSection(SolutionConfigurationPlatforms) = preSolution
		Debug|Any CPU = Debug|Any CPU
		Release|Any CPU = Release|Any CPU
	EndGlobalSection
	GlobalSection(ProjectConfigurationPlatforms) = postSolution
		{AD62027C-CD0E-10CB-E36B-F8FF6908B31A}.Debug|Any CPU.ActiveCfg = Debug|Any CPU
		{AD62027C-CD0E-10CB-E36B-F8FF6908B31A}.Debug|Any CPU.Build.0 = Debug|Any CPU
		{AD62027C-CD0E-10CB-E36B-F8FF6908B31A}.Release|Any CPU.ActiveCfg = Release|Any CPU
		{AD62027C-CD0E-10CB-E36B-F8FF6908B31A}.Release|Any CPU.Build.0 = Release|Any CPU
	EndGlobalSection
	GlobalSection(SolutionProperties) = preSolution
		HideSolutionNode = FALSE
	EndGlobalSection
	GlobalSection(ExtensibilityGlobals) = postSolution
		SolutionGuid = {6AB7F7EA-F608-4715-892E-A7FD2545EBC8}
	EndGlobalSection
EndGlobal
